// !$*UTF8*$!
{
	archiveVersion = 1;
	classes = {
	};
	objectVersion = 56;
	objects = {

/* Begin PBXBuildFile section */
		5A491DBF29CB1977005FA216 /* CircleImage.swift in Sources */ = {isa = PBXBuildFile; fileRef = 5A491DBE29CB1977005FA216 /* CircleImage.swift */; };
		5A491DC129CB1B79005FA216 /* MapView.swift in Sources */ = {isa = PBXBuildFile; fileRef = 5A491DC029CB1B79005FA216 /* MapView.swift */; };
		5A9817D429CC42E800C9CEBA /* landmarkData.json in Resources */ = {isa = PBXBuildFile; fileRef = 5A9817D329CC42E800C9CEBA /* landmarkData.json */; };
		5A9817D629CC432300C9CEBA /* Landmark.swift in Sources */ = {isa = PBXBuildFile; fileRef = 5A9817D529CC432300C9CEBA /* Landmark.swift */; };
		5A9817D829CC47DB00C9CEBA /* ModelData.swift in Sources */ = {isa = PBXBuildFile; fileRef = 5A9817D729CC47DB00C9CEBA /* ModelData.swift */; };
		5A9817DE29CC4CD900C9CEBA /* LandmarkRow.swift in Sources */ = {isa = PBXBuildFile; fileRef = 5A9817DD29CC4CD900C9CEBA /* LandmarkRow.swift */; };
		5A9817E029CC5E7700C9CEBA /* LandmarkList.swift in Sources */ = {isa = PBXBuildFile; fileRef = 5A9817DF29CC5E7700C9CEBA /* LandmarkList.swift */; };
		5A9817E229CC662A00C9CEBA /* LandmarkDetail.swift in Sources */ = {isa = PBXBuildFile; fileRef = 5A9817E129CC662A00C9CEBA /* LandmarkDetail.swift */; };
		5AF1BD3D29CAFB30007F8891 /* LandmarksApp.swift in Sources */ = {isa = PBXBuildFile; fileRef = 5AF1BD3C29CAFB30007F8891 /* LandmarksApp.swift */; };
		5AF1BD3F29CAFB30007F8891 /* ContentView.swift in Sources */ = {isa = PBXBuildFile; fileRef = 5AF1BD3E29CAFB30007F8891 /* ContentView.swift */; };
		5AF1BD4129CAFB33007F8891 /* Assets.xcassets in Resources */ = {isa = PBXBuildFile; fileRef = 5AF1BD4029CAFB33007F8891 /* Assets.xcassets */; };
		5AF1BD4429CAFB33007F8891 /* Preview Assets.xcassets in Resources */ = {isa = PBXBuildFile; fileRef = 5AF1BD4329CAFB33007F8891 /* Preview Assets.xcassets */; };
/* End PBXBuildFile section */

/* Begin PBXFileReference section */
		5A491DBE29CB1977005FA216 /* CircleImage.swift */ = {isa = PBXFileReference; lastKnownFileType = sourcecode.swift; path = CircleImage.swift; sourceTree = "<group>"; };
		5A491DC029CB1B79005FA216 /* MapView.swift */ = {isa = PBXFileReference; lastKnownFileType = sourcecode.swift; path = MapView.swift; sourceTree = "<group>"; };
		5A9817D329CC42E800C9CEBA /* landmarkData.json */ = {isa = PBXFileReference; fileEncoding = 4; lastKnownFileType = text.json; path = landmarkData.json; sourceTree = "<group>"; };
		5A9817D529CC432300C9CEBA /* Landmark.swift */ = {isa = PBXFileReference; lastKnownFileType = sourcecode.swift; path = Landmark.swift; sourceTree = "<group>"; };
		5A9817D729CC47DB00C9CEBA /* ModelData.swift */ = {isa = PBXFileReference; lastKnownFileType = sourcecode.swift; path = ModelData.swift; sourceTree = "<group>"; };
		5A9817DD29CC4CD900C9CEBA /* LandmarkRow.swift */ = {isa = PBXFileReference; lastKnownFileType = sourcecode.swift; path = LandmarkRow.swift; sourceTree = "<group>"; };
		5A9817DF29CC5E7700C9CEBA /* LandmarkList.swift */ = {isa = PBXFileReference; lastKnownFileType = sourcecode.swift; path = LandmarkList.swift; sourceTree = "<group>"; };
		5A9817E129CC662A00C9CEBA /* LandmarkDetail.swift */ = {isa = PBXFileReference; lastKnownFileType = sourcecode.swift; path = LandmarkDetail.swift; sourceTree = "<group>"; };
		5AF1BD3929CAFB30007F8891 /* Landmarks.app */ = {isa = PBXFileReference; explicitFileType = wrapper.application; includeInIndex = 0; path = Landmarks.app; sourceTree = BUILT_PRODUCTS_DIR; };
		5AF1BD3C29CAFB30007F8891 /* LandmarksApp.swift */ = {isa = PBXFileReference; lastKnownFileType = sourcecode.swift; path = LandmarksApp.swift; sourceTree = "<group>"; };
		5AF1BD3E29CAFB30007F8891 /* ContentView.swift */ = {isa = PBXFileReference; lastKnownFileType = sourcecode.swift; path = ContentView.swift; sourceTree = "<group>"; };
		5AF1BD4029CAFB33007F8891 /* Assets.xcassets */ = {isa = PBXFileReference; lastKnownFileType = folder.assetcatalog; path = Assets.xcassets; sourceTree = "<group>"; };
		5AF1BD4329CAFB33007F8891 /* Preview Assets.xcassets */ = {isa = PBXFileReference; lastKnownFileType = folder.assetcatalog; path = "Preview Assets.xcassets"; sourceTree = "<group>"; };
/* End PBXFileReference section */

/* Begin PBXFrameworksBuildPhase section */
		5AF1BD3629CAFB30007F8891 /* Frameworks */ = {
			isa = PBXFrameworksBuildPhase;
			buildActionMask = 2147483647;
			files = (
			);
			runOnlyForDeploymentPostprocessing = 0;
		};
/* End PBXFrameworksBuildPhase section */

/* Begin PBXGroup section */
		5A9817D929CC4C0800C9CEBA /* Views */ = {
			isa = PBXGroup;
			children = (
				5A491DBE29CB1977005FA216 /* CircleImage.swift */,
				5A491DC029CB1B79005FA216 /* MapView.swift */,
				5A9817DD29CC4CD900C9CEBA /* LandmarkRow.swift */,
				5A9817DF29CC5E7700C9CEBA /* LandmarkList.swift */,
				5A9817E129CC662A00C9CEBA /* LandmarkDetail.swift */,
			);
			path = Views;
			sourceTree = "<group>";
		};
		5A9817DA29CC4C2300C9CEBA /* Model */ = {
			isa = PBXGroup;
			children = (
				5A9817D529CC432300C9CEBA /* Landmark.swift */,
				5A9817D729CC47DB00C9CEBA /* ModelData.swift */,
			);
			path = Model;
			sourceTree = "<group>";
		};
		5A9817DB29CC4C3900C9CEBA /* Resources */ = {
			isa = PBXGroup;
			children = (
				5A9817D329CC42E800C9CEBA /* landmarkData.json */,
			);
			path = Resources;
			sourceTree = "<group>";
		};
		5AF1BD3029CAFB30007F8891 = {
			isa = PBXGroup;
			children = (
				5AF1BD3B29CAFB30007F8891 /* Landmarks */,
				5AF1BD3A29CAFB30007F8891 /* Products */,
			);
			sourceTree = "<group>";
		};
		5AF1BD3A29CAFB30007F8891 /* Products */ = {
			isa = PBXGroup;
			children = (
				5AF1BD3929CAFB30007F8891 /* Landmarks.app */,
			);
			name = Products;
			sourceTree = "<group>";
		};
		5AF1BD3B29CAFB30007F8891 /* Landmarks */ = {
			isa = PBXGroup;
			children = (
				5AF1BD3C29CAFB30007F8891 /* LandmarksApp.swift */,
				5AF1BD3E29CAFB30007F8891 /* ContentView.swift */,
				5A9817DB29CC4C3900C9CEBA /* Resources */,
				5A9817DA29CC4C2300C9CEBA /* Model */,
				5A9817D929CC4C0800C9CEBA /* Views */,
				5AF1BD4029CAFB33007F8891 /* Assets.xcassets */,
				5AF1BD4229CAFB33007F8891 /* Preview Content */,
			);
			path = Landmarks;
			sourceTree = "<group>";
		};
		5AF1BD4229CAFB33007F8891 /* Preview Content */ = {
			isa = PBXGroup;
			children = (
				5AF1BD4329CAFB33007F8891 /* Preview Assets.xcassets */,
			);
			path = "Preview Content";
			sourceTree = "<group>";
		};
/* End PBXGroup section */

/* Begin PBXNativeTarget section */
		5AF1BD3829CAFB30007F8891 /* Landmarks */ = {
			isa = PBXNativeTarget;
			buildConfigurationList = 5AF1BD4729CAFB33007F8891 /* Build configuration list for PBXNativeTarget "Landmarks" */;
			buildPhases = (
				5AF1BD3529CAFB30007F8891 /* Sources */,
				5AF1BD3629CAFB30007F8891 /* Frameworks */,
				5AF1BD3729CAFB30007F8891 /* Resources */,
			);
			buildRules = (
			);
			dependencies = (
			);
			name = Landmarks;
			productName = Landmarks;
			productReference = 5AF1BD3929CAFB30007F8891 /* Landmarks.app */;
			productType = "com.apple.product-type.application";
		};
/* End PBXNativeTarget section */

/* Begin PBXProject section */
		5AF1BD3129CAFB30007F8891 /* Project object */ = {
			isa = PBXProject;
			attributes = {
				BuildIndependentTargetsInParallel = 1;
				LastSwiftUpdateCheck = 1410;
				LastUpgradeCheck = 1410;
				TargetAttributes = {
					5AF1BD3829CAFB30007F8891 = {
						CreatedOnToolsVersion = 14.1;
					};
				};
			};
			buildConfigurationList = 5AF1BD3429CAFB30007F8891 /* Build configuration list for PBXProject "Landmarks" */;
			compatibilityVersion = "Xcode 14.0";
			developmentRegion = en;
			hasScannedForEncodings = 0;
			knownRegions = (
				en,
				Base,
			);
			mainGroup = 5AF1BD3029CAFB30007F8891;
			productRefGroup = 5AF1BD3A29CAFB30007F8891 /* Products */;
			projectDirPath = "";
			projectRoot = "";
			targets = (
				5AF1BD3829CAFB30007F8891 /* Landmarks */,
			);
		};
/* End PBXProject section */

/* Begin PBXResourcesBuildPhase section */
		5AF1BD3729CAFB30007F8891 /* Resources */ = {
			isa = PBXResourcesBuildPhase;
			buildActionMask = 2147483647;
			files = (
				5AF1BD4429CAFB33007F8891 /* Preview Assets.xcassets in Resources */,
				5AF1BD4129CAFB33007F8891 /* Assets.xcassets in Resources */,
				5A9817D429CC42E800C9CEBA /* landmarkData.json in Resources */,
			);
			runOnlyForDeploymentPostprocessing = 0;
		};
/* End PBXResourcesBuildPhase section */

/* Begin PBXSourcesBuildPhase section */
		5AF1BD3529CAFB30007F8891 /* Sources */ = {
			isa = PBXSourcesBuildPhase;
			buildActionMask = 2147483647;
			files = (
				5AF1BD3F29CAFB30007F8891 /* ContentView.swift in Sources */,
				5A491DC129CB1B79005FA216 /* MapView.swift in Sources */,
				5AF1BD3D29CAFB30007F8891 /* LandmarksApp.swift in Sources */,
				5A9817E029CC5E7700C9CEBA /* LandmarkList.swift in Sources */,
				5A9817E229CC662A00C9CEBA /* LandmarkDetail.swift in Sources */,
				5A491DBF29CB1977005FA216 /* CircleImage.swift in Sources */,
				5A9817D629CC432300C9CEBA /* Landmark.swift in Sources */,
				5A9817DE29CC4CD900C9CEBA /* LandmarkRow.swift in Sources */,
				5A9817D829CC47DB00C9CEBA /* ModelData.swift in Sources */,
			);
			runOnlyForDeploymentPostprocessing = 0;
		};
/* End PBXSourcesBuildPhase section */

/* Begin XCBuildConfiguration section */
		5AF1BD4529CAFB33007F8891 /* Debug */ = {
			isa = XCBuildConfiguration;
			buildSettings = {
				ALWAYS_SEARCH_USER_PATHS = NO;
				CLANG_ANALYZER_NONNULL = YES;
				CLANG_ANALYZER_NUMBER_OBJECT_CONVERSION = YES_AGGRESSIVE;
				CLANG_CXX_LANGUAGE_STANDARD = "gnu++20";
				CLANG_ENABLE_MODULES = YES;
				CLANG_ENABLE_OBJC_ARC = YES;
				CLANG_ENABLE_OBJC_WEAK = YES;
				CLANG_WARN_BLOCK_CAPTURE_AUTORELEASING = YES;
				CLANG_WARN_BOOL_CONVERSION = YES;
				CLANG_WARN_COMMA = YES;
				CLANG_WARN_CONSTANT_CONVERSION = YES;
				CLANG_WARN_DEPRECATED_OBJC_IMPLEMENTATIONS = YES;
				CLANG_WARN_DIRECT_OBJC_ISA_USAGE = YES_ERROR;
				CLANG_WARN_DOCUMENTATION_COMMENTS = YES;
				CLANG_WARN_EMPTY_BODY = YES;
				CLANG_WARN_ENUM_CONVERSION = YES;
				CLANG_WARN_INFINITE_RECURSION = YES;
				CLANG_WARN_INT_CONVERSION = YES;
				CLANG_WARN_NON_LITERAL_NULL_CONVERSION = YES;
				CLANG_WARN_OBJC_IMPLICIT_RETAIN_SELF = YES;
				CLANG_WARN_OBJC_LITERAL_CONVERSION = YES;
				CLANG_WARN_OBJC_ROOT_CLASS = YES_ERROR;
				CLANG_WARN_QUOTED_INCLUDE_IN_FRAMEWORK_HEADER = YES;
				CLANG_WARN_RANGE_LOOP_ANALYSIS = YES;
				CLANG_WARN_STRICT_PROTOTYPES = YES;
				CLANG_WARN_SUSPICIOUS_MOVE = YES;
				CLANG_WARN_UNGUARDED_AVAILABILITY = YES_AGGRESSIVE;
				CLANG_WARN_UNREACHABLE_CODE = YES;
				CLANG_WARN__DUPLICATE_METHOD_MATCH = YES;
				COPY_PHASE_STRIP = NO;
				DEBUG_INFORMATION_FORMAT = dwarf;
				ENABLE_STRICT_OBJC_MSGSEND = YES;
				ENABLE_TESTABILITY = YES;
				GCC_C_LANGUAGE_STANDARD = gnu11;
				GCC_DYNAMIC_NO_PIC = NO;
				GCC_NO_COMMON_BLOCKS = YES;
				GCC_OPTIMIZATION_LEVEL = 0;
				GCC_PREPROCESSOR_DEFINITIONS = (
					"DEBUG=1",
					"$(inherited)",
				);
				GCC_WARN_64_TO_32_BIT_CONVERSION = YES;
				GCC_WARN_ABOUT_RETURN_TYPE = YES_ERROR;
				GCC_WARN_UNDECLARED_SELECTOR = YES;
				GCC_WARN_UNINITIALIZED_AUTOS = YES_AGGRESSIVE;
				GCC_WARN_UNUSED_FUNCTION = YES;
				GCC_WARN_UNUSED_VARIABLE = YES;
				IPHONEOS_DEPLOYMENT_TARGET = 16.1;
				MTL_ENABLE_DEBUG_INFO = INCLUDE_SOURCE;
				MTL_FAST_MATH = YES;
				ONLY_ACTIVE_ARCH = YES;
				SDKROOT = iphoneos;
				SWIFT_ACTIVE_COMPILATION_CONDITIONS = DEBUG;
				SWIFT_OPTIMIZATION_LEVEL = "-Onone";
			};
			name = Debug;
		};
		5AF1BD4629CAFB33007F8891 /* Release */ = {
			isa = XCBuildConfiguration;
			buildSettings = {
				ALWAYS_SEARCH_USER_PATHS = NO;
				CLANG_ANALYZER_NONNULL = YES;
				CLANG_ANALYZER_NUMBER_OBJECT_CONVERSION = YES_AGGRESSIVE;
				CLANG_CXX_LANGUAGE_STANDARD = "gnu++20";
				CLANG_ENABLE_MODULES = YES;
				CLANG_ENABLE_OBJC_ARC = YES;
				CLANG_ENABLE_OBJC_WEAK = YES;
				CLANG_WARN_BLOCK_CAPTURE_AUTORELEASING = YES;
				CLANG_WARN_BOOL_CONVERSION = YES;
				CLANG_WARN_COMMA = YES;
				CLANG_WARN_CONSTANT_CONVERSION = YES;
				CLANG_WARN_DEPRECATED_OBJC_IMPLEMENTATIONS = YES;
				CLANG_WARN_DIRECT_OBJC_ISA_USAGE = YES_ERROR;
				CLANG_WARN_DOCUMENTATION_COMMENTS = YES;
				CLANG_WARN_EMPTY_BODY = YES;
				CLANG_WARN_ENUM_CONVERSION = YES;
				CLANG_WARN_INFINITE_RECURSION = YES;
				CLANG_WARN_INT_CONVERSION = YES;
				CLANG_WARN_NON_LITERAL_NULL_CONVERSION = YES;
				CLANG_WARN_OBJC_IMPLICIT_RETAIN_SELF = YES;
				CLANG_WARN_OBJC_LITERAL_CONVERSION = YES;
				CLANG_WARN_OBJC_ROOT_CLASS = YES_ERROR;
				CLANG_WARN_QUOTED_INCLUDE_IN_FRAMEWORK_HEADER = YES;
				CLANG_WARN_RANGE_LOOP_ANALYSIS = YES;
				CLANG_WARN_STRICT_PROTOTYPES = YES;
				CLANG_WARN_SUSPICIOUS_MOVE = YES;
				CLANG_WARN_UNGUARDED_AVAILABILITY = YES_AGGRESSIVE;
				CLANG_WARN_UNREACHABLE_CODE = YES;
				CLANG_WARN__DUPLICATE_METHOD_MATCH = YES;
				COPY_PHASE_STRIP = NO;
				DEBUG_INFORMATION_FORMAT = "dwarf-with-dsym";
				ENABLE_NS_ASSERTIONS = NO;
				ENABLE_STRICT_OBJC_MSGSEND = YES;
				GCC_C_LANGUAGE_STANDARD = gnu11;
				GCC_NO_COMMON_BLOCKS = YES;
				GCC_WARN_64_TO_32_BIT_CONVERSION = YES;
				GCC_WARN_ABOUT_RETURN_TYPE = YES_ERROR;
				GCC_WARN_UNDECLARED_SELECTOR = YES;
				GCC_WARN_UNINITIALIZED_AUTOS = YES_AGGRESSIVE;
				GCC_WARN_UNUSED_FUNCTION = YES;
				GCC_WARN_UNUSED_VARIABLE = YES;
				IPHONEOS_DEPLOYMENT_TARGET = 16.1;
				MTL_ENABLE_DEBUG_INFO = NO;
				MTL_FAST_MATH = YES;
				SDKROOT = iphoneos;
				SWIFT_COMPILATION_MODE = wholemodule;
				SWIFT_OPTIMIZATION_LEVEL = "-O";
				VALIDATE_PRODUCT = YES;
			};
			name = Release;
		};
		5AF1BD4829CAFB33007F8891 /* Debug */ = {
			isa = XCBuildConfiguration;
			buildSettings = {
				ASSETCATALOG_COMPILER_APPICON_NAME = AppIcon;
				ASSETCATALOG_COMPILER_GLOBAL_ACCENT_COLOR_NAME = AccentColor;
				CODE_SIGN_STYLE = Automatic;
				CURRENT_PROJECT_VERSION = 1;
				DEVELOPMENT_ASSET_PATHS = "\"Landmarks/Preview Content\"";
				DEVELOPMENT_TEAM = 8LJ2P85FNV;
				ENABLE_PREVIEWS = YES;
				GENERATE_INFOPLIST_FILE = YES;
				INFOPLIST_KEY_UIApplicationSceneManifest_Generation = YES;
				INFOPLIST_KEY_UIApplicationSupportsIndirectInputEvents = YES;
				INFOPLIST_KEY_UILaunchScreen_Generation = YES;
				INFOPLIST_KEY_UISupportedInterfaceOrientations_iPad = "UIInterfaceOrientationPortrait UIInterfaceOrientationPortraitUpsideDown UIInterfaceOrientationLandscapeLeft UIInterfaceOrientationLandscapeRight";
				INFOPLIST_KEY_UISupportedInterfaceOrientations_iPhone = "UIInterfaceOrientationPortrait UIInterfaceOrientationLandscapeLeft UIInterfaceOrientationLandscapeRight";
				LD_RUNPATH_SEARCH_PATHS = (
					"$(inherited)",
					"@executable_path/Frameworks",
				);
				MARKETING_VERSION = 1.0;
				PRODUCT_BUNDLE_IDENTIFIER = com.learnSwift.Landmarks;
				PRODUCT_NAME = "$(TARGET_NAME)";
				SWIFT_EMIT_LOC_STRINGS = YES;
				SWIFT_VERSION = 5.0;
				TARGETED_DEVICE_FAMILY = "1,2";
			};
			name = Debug;
		};
		5AF1BD4929CAFB33007F8891 /* Release */ = {
			isa = XCBuildConfiguration;
			buildSettings = {
				ASSETCATALOG_COMPILER_APPICON_NAME = AppIcon;
				ASSETCATALOG_COMPILER_GLOBAL_ACCENT_COLOR_NAME = AccentColor;
				CODE_SIGN_STYLE = Automatic;
				CURRENT_PROJECT_VERSION = 1;
				DEVELOPMENT_ASSET_PATHS = "\"Landmarks/Preview Content\"";
				DEVELOPMENT_TEAM = 8LJ2P85FNV;
				ENABLE_PREVIEWS = YES;
				GENERATE_INFOPLIST_FILE = YES;
				INFOPLIST_KEY_UIApplicationSceneManifest_Generation = YES;
				INFOPLIST_KEY_UIApplicationSupportsIndirectInputEvents = YES;
				INFOPLIST_KEY_UILaunchScreen_Generation = YES;
				INFOPLIST_KEY_UISupportedInterfaceOrientations_iPad = "UIInterfaceOrientationPortrait UIInterfaceOrientationPortraitUpsideDown UIInterfaceOrientationLandscapeLeft UIInterfaceOrientationLandscapeRight";
				INFOPLIST_KEY_UISupportedInterfaceOrientations_iPhone = "UIInterfaceOrientationPortrait UIInterfaceOrientationLandscapeLeft UIInterfaceOrientationLandscapeRight";
				LD_RUNPATH_SEARCH_PATHS = (
					"$(inherited)",
					"@executable_path/Frameworks",
				);
				MARKETING_VERSION = 1.0;
				PRODUCT_BUNDLE_IDENTIFIER = com.learnSwift.Landmarks;
				PRODUCT_NAME = "$(TARGET_NAME)";
				SWIFT_EMIT_LOC_STRINGS = YES;
				SWIFT_VERSION = 5.0;
				TARGETED_DEVICE_FAMILY = "1,2";
			};
			name = Release;
		};
/* End XCBuildConfiguration section */

/* Begin XCConfigurationList section */
		5AF1BD3429CAFB30007F8891 /* Build configuration list for PBXProject "Landmarks" */ = {
			isa = XCConfigurationList;
			buildConfigurations = (
				5AF1BD4529CAFB33007F8891 /* Debug */,
				5AF1BD4629CAFB33007F8891 /* Release */,
			);
			defaultConfigurationIsVisible = 0;
			defaultConfigurationName = Release;
		};
		5AF1BD4729CAFB33007F8891 /* Build configuration list for PBXNativeTarget "Landmarks" */ = {
			isa = XCConfigurationList;
			buildConfigurations = (
				5AF1BD4829CAFB33007F8891 /* Debug */,
				5AF1BD4929CAFB33007F8891 /* Release */,
			);
			defaultConfigurationIsVisible = 0;
			defaultConfigurationName = Release;
		};
/* End XCConfigurationList section */
	};
	rootObject = 5AF1BD3129CAFB30007F8891 /* Project object */;
}
